<Solution>
  <Folder Name="/Solution Items/">
    <File Path="Directory.Packages.props" />
  </Folder>
  <Folder Name="/src/">
    <Project Path="src/Application/Application.csproj" Id="4ea5ab7f-a596-4bbb-b57f-c5ceeaaa9cd9" />
    <Project Path="src/Domain/Domain.csproj" Id="6b77b62c-1820-44e1-aabf-53bcf6500e2c" />
    <Project Path="src/Infrastructure/Infrastructure.csproj" Id="277e6a8b-8e65-4bcf-8cea-d02c49ff5c45" />
    <Project Path="src/KeycloakSetup/KeycloakSetup.csproj" Id="8843fcf4-1927-45a4-82a1-a3e3a1d0f719" />
    <Project Path="src/RabbitMqSetup/RabbitMqSetup.csproj" Id="e5d808c1-d6cf-4ad4-964a-c76338c6cbfb" />
    <Project Path="src/WebApi/WebApi.csproj" Id="22ef88db-5bca-4562-aa27-599826c9a7ef" />
    <Project Path="src/WebApiSetup/WebApiSetup.csproj" />
  </Folder>
  <Folder Name="/tests/">
    <Project Path="tests/Domain.UnitTests/Domain.UnitTests.csproj" />
    <Project Path="tests/WebApi.IntegrationTests/WebApi.IntegrationTests.csproj" Id="ced2d375-c56c-40d5-9b1d-2001d7c4b564" />
  </Folder>
</Solution>
