<Solution>
  <Folder Name="/src/">
    <Project Path="src/Application/Application.csproj" Id="4ea5ab7f-a596-4bbb-b57f-c5ceeaaa9cd9" />
    <Project Path="src/Domain/Domain.csproj" Id="6b77b62c-1820-44e1-aabf-53bcf6500e2c" />
    <Project Path="src/Infrastructure/Infrastructure.csproj" Id="277e6a8b-8e65-4bcf-8cea-d02c49ff5c45" />
    <Project Path="src/WebApi/WebApi.csproj" Id="22ef88db-5bca-4562-aa27-599826c9a7ef" />
  </Folder>
  <Folder Name="/tests/">
    <Project Path="tests/WebApi.IntegrationTests/WebApi.IntegrationTests.csproj" Id="ced2d375-c56c-40d5-9b1d-2001d7c4b564" />
  </Folder>
</Solution>
